%{
  "arrays": {:hex, :arrays, "2.0.2", "3a5d4327faedf16ba9c60640928e136592b43849bd07324d95de7a9190025d46", [:mix], [{:extractable, "~> 1.0", [hex: :extractable, repo: "hexpm", optional: false]}, {:fun_land, "~> 0.10.0", [hex: :fun_land, repo: "hexpm", optional: true]}, {:insertable, "~> 1.0", [hex: :insertable, repo: "hexpm", optional: false]}], "hexpm", "c3a8c109bc6665534e6673705f914a3efc6a28a97a3f629fb32f8a35057243b3"},
  "elixir_make": {:hex, :elixir_make, "0.7.7", "7128c60c2476019ed978210c245badf08b03dbec4f24d05790ef791da11aa17c", [:mix], [{:castore, "~> 0.1 or ~> 1.0", [hex: :castore, repo: "hexpm", optional: true]}], "hexpm", "5bc19fff950fad52bbe5f211b12db9ec82c6b34a9647da0c2224b8b8464c7e6c"},
  "ex_matrix": {:hex, :ex_matrix, "0.1.0", "d1a3ce45cbab8379282b5ed88401da7cbc7c0e408bbade61f5d63f07060d6d4a", [:mix], [], "hexpm", "48b6f728aafeeeceaaaf6b166296e3eb1a22e8337799cf391ec9f40c7dceebb1"},
  "exprintf": {:hex, :exprintf, "0.2.1", "b7e895dfb00520cfb7fc1671303b63b37dc3897c59be7cbf1ae62f766a8a0314", [:mix], [], "hexpm", "20a0e8c880be90e56a77fcc82533c5d60c643915c7ce0cc8aa1e06ed6001da28"},
  "extractable": {:hex, :extractable, "1.0.1", "2cf2b213cbda82eb578c821de48fa313cddfa7573b256bce4306248f56b44509", [:mix], [{:type_check, "~> 0.8", [hex: :type_check, repo: "hexpm", optional: false]}], "hexpm", "820e9db7550a62c7d63b760a8da51ab2341ba425563955db005baadcb403b046"},
  "insertable": {:hex, :insertable, "1.0.0", "879c7023b5491bbb694dff78422c94faded616fda963e529916343bc6e35162f", [:mix], [{:type_check, "~> 0.8", [hex: :type_check, repo: "hexpm", optional: false]}], "hexpm", "4b3f60169221a1ace67fdfe8b0d3c35708c098e55df549d4a374b9a7b0255af4"},
  "matrex": {:hex, :matrex, "0.6.8", "ccb491e661bae7931ee6b0e68f5e1cd28528e5360a59bc3ab4d759b89be1701e", [:make], [{:elixir_make, "~> 0.4", [hex: :elixir_make, repo: "hexpm", optional: false]}], "hexpm", "043ef9fdd9809b012568915f2fc396ea5c5631fd792f75c1148f03d478d60901"},
  "matrix": {:hex, :matrix, "0.3.2", "9c826bc3a1117bf5e1c5cdcf3a3d95456c93bc2e127a04e363e9fc90b724f784", [:mix], [{:exprintf, "~> 0.1", [hex: :exprintf, repo: "hexpm", optional: false]}], "hexpm", "f75adeb594a877ff49ff58a402e37c9474fb9172c997427a9b4b57ab10100f15"},
  "type_check": {:hex, :type_check, "0.13.5", "b41ce95808546e9913d7d56d0886ae8298c4298c9ff596fd7987c5000a2d2316", [:mix], [{:credo, "~> 1.5", [hex: :credo, repo: "hexpm", optional: true]}, {:stream_data, "~> 0.5.0", [hex: :stream_data, repo: "hexpm", optional: true]}], "hexpm", "6196910e3cec69b4e2cec71f8d9f243532aeeb37924a86e8256bc5ee05b3fd00"},
}
